schema: '2.0'
stages:
  download_data:
    cmd: Rscript R/build.R
    deps:
    - path: R/build.R
      md5: 61521965a899d7556f18a97da2c0061c
      size: 2817
    outs:
    - path: data/ACMG_gene_interp_history.parquet
      md5: fefbcef61aae49e3fc48e0a6959afa94
      size: 72022
    - path: data/HGVS_summary.txt.parquet
      md5: c101937fe27f2d8f5a1c52eeafcda3d4
      size: 6934319
    - path: data/allele_gene.txt.parquet
      md5: 5bf01aa9fd577b86330e735ae8f02ab1
      size: 41256565
    - path: data/clinical_significance_updates.parquet
      md5: 1ce5d95bd33261c82b7acc43f0c2629d
      size: 7470
    - path: data/cross_references.parquet
      md5: 171027d5718f48468b08cd4a53ebef19
      size: 11598830
    - path: data/gene_specific_summary.parquet
      md5: cac532e89b60311177b66a07923d8f49
      size: 835635
    - path: data/hgvs4variation.txt.parquet
      md5: 7d8c4fa1439e23cdf878dc67247639ed
      size: 256846213
    - path: data/molecular_consequences.parquet
      md5: b07743252dea5cb4073f0a500c90cc4c
      size: 1235091
    - path: data/organization_summary.parquet
      md5: f77b49d34ad3e35b16c556b6e83e29aa
      size: 202788
    - path: data/submission_summary.txt.parquet
      md5: bf651f9c1f5b67d9c19b17d2f091b909
      size: 170236914
    - path: data/var_citations.parquet
      md5: 4ba9c0d4069fe09893dfc0ad29ca78ff
      size: 23265109
    - path: data/variant_summary/combined_variant_summary_xaa.txt.parquet
      md5: 30fdb97fabe2306af2b7b528d8d0babb
      size: 76485393
    - path: data/variant_summary/combined_variant_summary_xab.txt.parquet
      md5: 1de62197edc5787d0bfee756dd50f210
      size: 59655947
    - path: data/variant_summary/combined_variant_summary_xac.txt.parquet
      md5: 40d57f1412c6debb68621530e37e5d43
      size: 54973194
    - path: data/variation_allele.txt.parquet
      md5: b11452fe875632257c32143e1a57b93f
      size: 11948112
  download:
    cmd: Rscript R/download.R
    deps:
    - path: R/download.R
      md5: 2b8dad469c5de16c9d8bd65db2a705d2
      size: 568
    - path: https://ftp.ncbi.nlm.nih.gov/pub/clinvar/tab_delimited
      checksum: '"10d7-5dd7fc3e2fc31"'
      size: 4311
    outs:
    - path: download/
      md5: 3bc128cde36cdd85ff3a732952e15b67.dir
      size: 1180465894
      nfiles: 10
  build:
    cmd: Rscript R/build.R
    deps:
    - path: R/build.R
      md5: f9177301207212e1d4c0e40167682b5d
      size: 857
    - path: download/
      md5: 3bc128cde36cdd85ff3a732952e15b67.dir
      size: 1180465894
      nfiles: 10
    outs:
    - path: data/
      md5: 30e0f2f0c90ce4ddaecade50e5c7beb9.dir
      size: 3161398674
      nfiles: 10
